
Microsoft Visual Studio Solution File, Format Version 12.00
# Visual Studio 15
VisualStudioVersion = 15.0.26124.0
MinimumVisualStudioVersion = 15.0.26124.0
Project("{FAE04EC0-301F-11D3-BF4B-00C04F79EFBC}") = "Datos", "Datos\Datos.csproj", "{71926950-F7BE-4619-835F-3EA8E078C9CE}"
EndProject
Project("{FAE04EC0-301F-11D3-BF4B-00C04F79EFBC}") = "Logica", "Logica\Logica.csproj", "{48A52BD4-FA9A-4259-854D-DAA075247A4D}"
EndProject
Project("{FAE04EC0-301F-11D3-BF4B-00C04F79EFBC}") = "Entity", "Entity\Entity.csproj", "{C5178158-FC99-47DE-8108-03DCE7D2ED30}"
EndProject
Global
	GlobalSection(SolutionConfigurationPlatforms) = preSolution
		Debug|Any CPU = Debug|Any CPU
		Debug|x64 = Debug|x64
		Debug|x86 = Debug|x86
		Release|Any CPU = Release|Any CPU
		Release|x64 = Release|x64
		Release|x86 = Release|x86
	EndGlobalSection
	GlobalSection(SolutionProperties) = preSolution
		HideSolutionNode = FALSE
	EndGlobalSection
	GlobalSection(ProjectConfigurationPlatforms) = postSolution
		{71926950-F7BE-4619-835F-3EA8E078C9CE}.Debug|Any CPU.ActiveCfg = Debug|Any CPU
		{71926950-F7BE-4619-835F-3EA8E078C9CE}.Debug|Any CPU.Build.0 = Debug|Any CPU
		{71926950-F7BE-4619-835F-3EA8E078C9CE}.Debug|x64.ActiveCfg = Debug|Any CPU
		{71926950-F7BE-4619-835F-3EA8E078C9CE}.Debug|x64.Build.0 = Debug|Any CPU
		{71926950-F7BE-4619-835F-3EA8E078C9CE}.Debug|x86.ActiveCfg = Debug|Any CPU
		{71926950-F7BE-4619-835F-3EA8E078C9CE}.Debug|x86.Build.0 = Debug|Any CPU
		{71926950-F7BE-4619-835F-3EA8E078C9CE}.Release|Any CPU.ActiveCfg = Release|Any CPU
		{71926950-F7BE-4619-835F-3EA8E078C9CE}.Release|Any CPU.Build.0 = Release|Any CPU
		{71926950-F7BE-4619-835F-3EA8E078C9CE}.Release|x64.ActiveCfg = Release|Any CPU
		{71926950-F7BE-4619-835F-3EA8E078C9CE}.Release|x64.Build.0 = Release|Any CPU
		{71926950-F7BE-4619-835F-3EA8E078C9CE}.Release|x86.ActiveCfg = Release|Any CPU
		{71926950-F7BE-4619-835F-3EA8E078C9CE}.Release|x86.Build.0 = Release|Any CPU
		{48A52BD4-FA9A-4259-854D-DAA075247A4D}.Debug|Any CPU.ActiveCfg = Debug|Any CPU
		{48A52BD4-FA9A-4259-854D-DAA075247A4D}.Debug|Any CPU.Build.0 = Debug|Any CPU
		{48A52BD4-FA9A-4259-854D-DAA075247A4D}.Debug|x64.ActiveCfg = Debug|Any CPU
		{48A52BD4-FA9A-4259-854D-DAA075247A4D}.Debug|x64.Build.0 = Debug|Any CPU
		{48A52BD4-FA9A-4259-854D-DAA075247A4D}.Debug|x86.ActiveCfg = Debug|Any CPU
		{48A52BD4-FA9A-4259-854D-DAA075247A4D}.Debug|x86.Build.0 = Debug|Any CPU
		{48A52BD4-FA9A-4259-854D-DAA075247A4D}.Release|Any CPU.ActiveCfg = Release|Any CPU
		{48A52BD4-FA9A-4259-854D-DAA075247A4D}.Release|Any CPU.Build.0 = Release|Any CPU
		{48A52BD4-FA9A-4259-854D-DAA075247A4D}.Release|x64.ActiveCfg = Release|Any CPU
		{48A52BD4-FA9A-4259-854D-DAA075247A4D}.Release|x64.Build.0 = Release|Any CPU
		{48A52BD4-FA9A-4259-854D-DAA075247A4D}.Release|x86.ActiveCfg = Release|Any CPU
		{48A52BD4-FA9A-4259-854D-DAA075247A4D}.Release|x86.Build.0 = Release|Any CPU
		{C5178158-FC99-47DE-8108-03DCE7D2ED30}.Debug|Any CPU.ActiveCfg = Debug|Any CPU
		{C5178158-FC99-47DE-8108-03DCE7D2ED30}.Debug|Any CPU.Build.0 = Debug|Any CPU
		{C5178158-FC99-47DE-8108-03DCE7D2ED30}.Debug|x64.ActiveCfg = Debug|Any CPU
		{C5178158-FC99-47DE-8108-03DCE7D2ED30}.Debug|x64.Build.0 = Debug|Any CPU
		{C5178158-FC99-47DE-8108-03DCE7D2ED30}.Debug|x86.ActiveCfg = Debug|Any CPU
		{C5178158-FC99-47DE-8108-03DCE7D2ED30}.Debug|x86.Build.0 = Debug|Any CPU
		{C5178158-FC99-47DE-8108-03DCE7D2ED30}.Release|Any CPU.ActiveCfg = Release|Any CPU
		{C5178158-FC99-47DE-8108-03DCE7D2ED30}.Release|Any CPU.Build.0 = Release|Any CPU
		{C5178158-FC99-47DE-8108-03DCE7D2ED30}.Release|x64.ActiveCfg = Release|Any CPU
		{C5178158-FC99-47DE-8108-03DCE7D2ED30}.Release|x64.Build.0 = Release|Any CPU
		{C5178158-FC99-47DE-8108-03DCE7D2ED30}.Release|x86.ActiveCfg = Release|Any CPU
		{C5178158-FC99-47DE-8108-03DCE7D2ED30}.Release|x86.Build.0 = Release|Any CPU
	EndGlobalSection
EndGlobal
